
Microsoft Visual Studio Solution File, Format Version 12.00
# Visual Studio Version 17
VisualStudioVersion = 17.2.32616.157
MinimumVisualStudioVersion = 10.0.40219.1
Project("{FAE04EC0-301F-11D3-BF4B-00C04F79EFBC}") = "PPGrupo1", "PPGrupo1\PPGrupo1.csproj", "{0F4932EB-768E-4C2C-9D0F-4E21B6D6ED52}"
EndProject
Global
	GlobalSection(SolutionConfigurationPlatforms) = preSolution
		Debug|Any CPU = Debug|Any CPU
		Release|Any CPU = Release|Any CPU
	EndGlobalSection
	GlobalSection(ProjectConfigurationPlatforms) = postSolution
		{0F4932EB-768E-4C2C-9D0F-4E21B6D6ED52}.Debug|Any CPU.ActiveCfg = Debug|Any CPU
		{0F4932EB-768E-4C2C-9D0F-4E21B6D6ED52}.Debug|Any CPU.Build.0 = Debug|Any CPU
		{0F4932EB-768E-4C2C-9D0F-4E21B6D6ED52}.Release|Any CPU.ActiveCfg = Release|Any CPU
		{0F4932EB-768E-4C2C-9D0F-4E21B6D6ED52}.Release|Any CPU.Build.0 = Release|Any CPU
	EndGlobalSection
	GlobalSection(SolutionProperties) = preSolution
		HideSolutionNode = FALSE
	EndGlobalSection
	GlobalSection(ExtensibilityGlobals) = postSolution
		SolutionGuid = {B3EDCA4B-D70C-49BE-B70C-7CE5E1D93C8F}
	EndGlobalSection
EndGlobal
